
Microsoft Visual Studio Solution File, Format Version 12.00
# Visual Studio 15
VisualStudioVersion = 15.0.28307.329
MinimumVisualStudioVersion = 10.0.40219.1
Project("{FAE04EC0-301F-11D3-BF4B-00C04F79EFBC}") = "PriceCalcWpf", "PriceCalcWpf\PriceCalcWpf.csproj", "{2330E7FA-54AB-4A4C-A05B-D25FE6F720EC}"
EndProject
Global
	GlobalSection(SolutionConfigurationPlatforms) = preSolution
		Debug|Any CPU = Debug|Any CPU
		Release|Any CPU = Release|Any CPU
	EndGlobalSection
	GlobalSection(ProjectConfigurationPlatforms) = postSolution
		{2330E7FA-54AB-4A4C-A05B-D25FE6F720EC}.Debug|Any CPU.ActiveCfg = Debug|Any CPU
		{2330E7FA-54AB-4A4C-A05B-D25FE6F720EC}.Debug|Any CPU.Build.0 = Debug|Any CPU
		{2330E7FA-54AB-4A4C-A05B-D25FE6F720EC}.Release|Any CPU.ActiveCfg = Release|Any CPU
		{2330E7FA-54AB-4A4C-A05B-D25FE6F720EC}.Release|Any CPU.Build.0 = Release|Any CPU
	EndGlobalSection
	GlobalSection(SolutionProperties) = preSolution
		HideSolutionNode = FALSE
	EndGlobalSection
	GlobalSection(ExtensibilityGlobals) = postSolution
		SolutionGuid = {0519DFDC-54E6-448D-A4F5-675B28520B2E}
	EndGlobalSection
EndGlobal
